<?xml version="1.0" encoding="utf-8"?>
<Project ToolsVersion="4.0" xmlns="http://schemas.microsoft.com/developer/msbuild/2003">
  <ItemGroup>
    <Filter Include="Source Files">
      <UniqueIdentifier>{4FC737F1-C7A5-4376-A066-2A32D752A2FF}</UniqueIdentifier>
      <Extensions>cpp;c;cc;cxx;c++;cppm;ixx;def;odl;idl;hpj;bat;asm;asmx</Extensions>
    </Filter>
    <Filter Include="Header Files">
      <UniqueIdentifier>{93995380-89BD-4b04-88EB-625FBE52EBFB}</UniqueIdentifier>
      <Extensions>h;hh;hpp;hxx;h++;hm;inl;inc;ipp;xsd</Extensions>
    </Filter>
    <Filter Include="Resource Files">
      <UniqueIdentifier>{67DA6AB6-F800-4c08-8B7A-83BB121AAD01}</UniqueIdentifier>
      <Extensions>rc;ico;cur;bmp;dlg;rc2;rct;bin;rgs;gif;jpg;jpeg;jpe;resx;tiff;tif;png;wav;mfcribbon-ms</Extensions>
    </Filter>
  </ItemGroup>
  <ItemGroup>
    <ClCompile Include="common\sogl\rendering\src\camera.cpp">
      <Filter>Source Files</Filter>
    </ClCompile>
    <ClCompile Include="common\sogl\rendering\src\color.cpp">
      <Filter>Source Files</Filter>
    </ClCompile>
    <ClCompile Include="common\sogl\rendering\src\mesh.cpp">
      <Filter>Source Files</Filter>
    </ClCompile>
    <ClCompile Include="common\sogl\rendering\gl\src\vertexArrayObject.cpp">
      <Filter>Source Files</Filter>
    </ClCompile>
    <ClCompile Include="common\sogl\transform\src\vectors.cpp">
      <Filter>Source Files</Filter>
    </ClCompile>
    <ClCompile Include="common\sogl\transform\src\matrix.cpp">
      <Filter>Source Files</Filter>
    </ClCompile>
    <ClCompile Include="common\main.cpp">
      <Filter>Source Files</Filter>
    </ClCompile>
    <ClCompile Include="common\sogl\rendering\src\shaderProgram.cpp">
      <Filter>Source Files</Filter>
    </ClCompile>
    <ClCompile Include="common\sogl\rendering\src\renderable.cpp">
      <Filter>Source Files</Filter>
    </ClCompile>
    <ClCompile Include="common\sogl\rendering\src\texture.cpp">
      <Filter>Source Files</Filter>
    </ClCompile>
    <ClCompile Include="common\sogl\rendering\src\glUtilities.cpp">
      <Filter>Source Files</Filter>
    </ClCompile>
    <ClCompile Include="common\stbi\stb_image.cpp">
      <Filter>Source Files</Filter>
    </ClCompile>
    <ClCompile Include="common\sogl\rendering\gl\src\shaderUtilities.cpp">
      <Filter>Source Files</Filter>
    </ClCompile>
    <ClCompile Include="common\sogl\rendering\factories\src\meshFactory.cpp">
      <Filter>Source Files</Filter>
    </ClCompile>
    <ClCompile Include="common\sogl\rendering\src\light.cpp">
      <Filter>Source Files</Filter>
    </ClCompile>
    <ClCompile Include="common\sogl\rendering\src\material.cpp">
      <Filter>Source Files</Filter>
    </ClCompile>
    <ClCompile Include="common\sogl\rendering\gl\src\uniformBufferObject.cpp">
      <Filter>Source Files</Filter>
    </ClCompile>
    <ClCompile Include="common\sogl\rendering\factories\src\shaderFactory.cpp">
      <Filter>Source Files</Filter>
    </ClCompile>
    <ClCompile Include="common\sogl\rendering\factories\src\uniformBufferFactory.cpp">
      <Filter>Source Files</Filter>
    </ClCompile>
    <ClCompile Include="common\sogl\rendering\factories\src\lightFactory.cpp">
      <Filter>Source Files</Filter>
    </ClCompile>
    <ClCompile Include="common\sogl\rendering\factories\src\materialFactory.cpp">
      <Filter>Source Files</Filter>
    </ClCompile>
    <ClCompile Include="common\sogl\rendering\factories\src\textureFactory.cpp">
      <Filter>Source Files</Filter>
    </ClCompile>
  </ItemGroup>
  <ItemGroup>
    <ClInclude Include="common\sogl\rendering\camera.hpp">
      <Filter>Header Files</Filter>
    </ClInclude>
    <ClInclude Include="common\sogl\rendering\color.hpp">
      <Filter>Header Files</Filter>
    </ClInclude>
    <ClInclude Include="common\sogl\rendering\color32.hpp">
      <Filter>Header Files</Filter>
    </ClInclude>
    <ClInclude Include="common\sogl\rendering\mesh.hpp">
      <Filter>Header Files</Filter>
    </ClInclude>
    <ClInclude Include="common\sogl\rendering\renderable.hpp">
      <Filter>Header Files</Filter>
    </ClInclude>
    <ClInclude Include="common\sogl\rendering\gl\vertexArrayObject.hpp">
      <Filter>Header Files</Filter>
    </ClInclude>
    <ClInclude Include="common\sogl\transform\matrix3f.hpp">
      <Filter>Header Files</Filter>
    </ClInclude>
    <ClInclude Include="common\sogl\transform\matrix4f.hpp">
      <Filter>Header Files</Filter>
    </ClInclude>
    <ClInclude Include="common\sogl\transform\quat.hpp">
      <Filter>Header Files</Filter>
    </ClInclude>
    <ClInclude Include="common\sogl\transform\transform.hpp">
      <Filter>Header Files</Filter>
    </ClInclude>
    <ClInclude Include="common\sogl\transform\vec3f.hpp">
      <Filter>Header Files</Filter>
    </ClInclude>
    <ClInclude Include="common\sogl\transform\vec4f.hpp">
      <Filter>Header Files</Filter>
    </ClInclude>
    <ClInclude Include="common\sogl\mathutil.hpp">
      <Filter>Header Files</Filter>
    </ClInclude>
    <ClInclude Include="common\GLEW\glew.h">
      <Filter>Header Files</Filter>
    </ClInclude>
    <ClInclude Include="common\GLEW\glxew.h">
      <Filter>Header Files</Filter>
    </ClInclude>
    <ClInclude Include="common\GLEW\wglew.h">
      <Filter>Header Files</Filter>
    </ClInclude>
    <ClInclude Include="common\GLFW\glfw3.h">
      <Filter>Header Files</Filter>
    </ClInclude>
    <ClInclude Include="common\GLFW\glfw3native.h">
      <Filter>Header Files</Filter>
    </ClInclude>
    <ClInclude Include="common\sogl\rendering\gl\shaderProgram.hpp">
      <Filter>Header Files</Filter>
    </ClInclude>
    <ClInclude Include="common\sogl\rendering\shaderUtilities.hpp">
      <Filter>Header Files</Filter>
    </ClInclude>
    <ClInclude Include="common\sogl\hashTable.hpp">
      <Filter>Header Files</Filter>
    </ClInclude>
    <ClInclude Include="ext\GLEW\glew.h">
      <Filter>Header Files</Filter>
    </ClInclude>
    <ClInclude Include="ext\GLEW\glxew.h">
      <Filter>Header Files</Filter>
    </ClInclude>
    <ClInclude Include="ext\GLEW\wglew.h">
      <Filter>Header Files</Filter>
    </ClInclude>
    <ClInclude Include="ext\GLFW\glfw3.h">
      <Filter>Header Files</Filter>
    </ClInclude>
    <ClInclude Include="ext\GLFW\glfw3native.h">
      <Filter>Header Files</Filter>
    </ClInclude>
    <ClInclude Include="common\sogl\rendering\texture.hpp">
      <Filter>Header Files</Filter>
    </ClInclude>
    <ClInclude Include="common\sogl\rendering\glUtilities.hpp">
      <Filter>Header Files</Filter>
    </ClInclude>
    <ClInclude Include="common\stbi\stb_image.h">
      <Filter>Header Files</Filter>
    </ClInclude>
    <ClInclude Include="common\sogl\transform\matrixNf.hpp">
      <Filter>Header Files</Filter>
    </ClInclude>
    <ClInclude Include="common\sogl\rendering\light.hpp">
      <Filter>Header Files</Filter>
    </ClInclude>
    <ClInclude Include="common\sogl\rendering\material.hpp">
      <Filter>Header Files</Filter>
    </ClInclude>
    <ClInclude Include="common\sogl\rendering\gl\uniformBufferObject.hpp">
      <Filter>Header Files</Filter>
    </ClInclude>
    <ClInclude Include="common\sogl\rendering\factories\shaderFactory.hpp">
      <Filter>Header Files</Filter>
    </ClInclude>
    <ClInclude Include="common\sogl\rendering\factories\uniformBufferFactory.hpp">
      <Filter>Header Files</Filter>
    </ClInclude>
    <ClInclude Include="common\sogl\transform\quatd.hpp">
      <Filter>Header Files</Filter>
    </ClInclude>
    <ClInclude Include="common\sogl\rendering\factories\lightFactory.hpp">
      <Filter>Header Files</Filter>
    </ClInclude>
    <ClInclude Include="common\sogl\rendering\factories\materialFactory.hpp">
      <Filter>Header Files</Filter>
    </ClInclude>
    <ClInclude Include="common\sogl\rendering\factories\textureFactory.hpp">
      <Filter>Header Files</Filter>
    </ClInclude>
    <ClInclude Include="..\Schoolwork\GAME2001\GAME2001_A2_MitchellJames\linkedList.h">
      <Filter>Header Files</Filter>
    </ClInclude>
    <ClInclude Include="common\sogl\linkedList.h">
      <Filter>Header Files</Filter>
    </ClInclude>
    <ClInclude Include="common\sogl\pair.hpp">
      <Filter>Header Files</Filter>
    </ClInclude>
    <ClInclude Include="common\sogl\rendering\factories\AssetFactory.h">
      <Filter>Header Files</Filter>
    </ClInclude>
  </ItemGroup>
  <ItemGroup>
    <Library Include="ext\GLEW\glew32.lib" />
    <Library Include="ext\GLEW\glew32s.lib" />
    <Library Include="ext\GLFW\glfw3.lib" />
    <Library Include="ext\GLFW\glfw3dll.lib" />
  </ItemGroup>
  <ItemGroup>
    <None Include="ext\GLFW\glfw3.dll" />
  </ItemGroup>
</Project>