<?xml version="1.0" encoding="utf-8"?>
<Project ToolsVersion="4.0" xmlns="http://schemas.microsoft.com/developer/msbuild/2003">
  <ItemGroup>
    <Filter Include="Source Files">
      <UniqueIdentifier>{4FC737F1-C7A5-4376-A066-2A32D752A2FF}</UniqueIdentifier>
      <Extensions>cpp;c;cc;cxx;c++;cppm;ixx;def;odl;idl;hpj;bat;asm;asmx</Extensions>
    </Filter>
    <Filter Include="Header Files">
      <UniqueIdentifier>{93995380-89BD-4b04-88EB-625FBE52EBFB}</UniqueIdentifier>
      <Extensions>h;hh;hpp;hxx;h++;hm;inl;inc;ipp;xsd</Extensions>
    </Filter>
    <Filter Include="Resource Files">
      <UniqueIdentifier>{67DA6AB6-F800-4c08-8B7A-83BB121AAD01}</UniqueIdentifier>
      <Extensions>rc;ico;cur;bmp;dlg;rc2;rct;bin;rgs;gif;jpg;jpeg;jpe;resx;tiff;tif;png;wav;mfcribbon-ms</Extensions>
    </Filter>
  </ItemGroup>
  <ItemGroup>
    <ClCompile Include="common\sogl\rendering\src\camera.cpp">
      <Filter>Source Files</Filter>
    </ClCompile>
    <ClCompile Include="common\sogl\rendering\src\color.cpp">
      <Filter>Source Files</Filter>
    </ClCompile>
    <ClCompile Include="common\sogl\rendering\gl\src\VertexArray.cpp">
      <Filter>Source Files</Filter>
    </ClCompile>
    <ClCompile Include="common\sogl\transform\src\vectors.cpp">
      <Filter>Source Files</Filter>
    </ClCompile>
    <ClCompile Include="common\sogl\transform\src\matrix.cpp">
      <Filter>Source Files</Filter>
    </ClCompile>
    <ClCompile Include="common\main.cpp">
      <Filter>Source Files</Filter>
    </ClCompile>
    <ClCompile Include="common\sogl\rendering\gl\src\ShaderProgram.cpp">
      <Filter>Source Files</Filter>
    </ClCompile>
    <ClCompile Include="common\sogl\rendering\src\renderable.cpp">
      <Filter>Source Files</Filter>
    </ClCompile>
    <ClCompile Include="common\sogl\rendering\src\Texture.cpp">
      <Filter>Source Files</Filter>
    </ClCompile>
    <ClCompile Include="common\sogl\rendering\src\glUtilities.cpp">
      <Filter>Source Files</Filter>
    </ClCompile>
    <ClCompile Include="common\stbi\stb_image.cpp">
      <Filter>Source Files</Filter>
    </ClCompile>
    <ClCompile Include="common\sogl\rendering\gl\src\shaderUtilities.cpp">
      <Filter>Source Files</Filter>
    </ClCompile>
    <ClCompile Include="common\sogl\rendering\factories\src\meshFactory.cpp">
      <Filter>Source Files</Filter>
    </ClCompile>
    <ClCompile Include="common\sogl\rendering\src\light.cpp">
      <Filter>Source Files</Filter>
    </ClCompile>
    <ClCompile Include="common\sogl\rendering\src\Material.cpp">
      <Filter>Source Files</Filter>
    </ClCompile>
    <ClCompile Include="common\sogl\rendering\gl\src\UniformBuffer.cpp">
      <Filter>Source Files</Filter>
    </ClCompile>
    <ClCompile Include="common\sogl\rendering\factories\src\ShaderFactory.cpp">
      <Filter>Source Files</Filter>
    </ClCompile>
    <ClCompile Include="common\sogl\rendering\factories\src\uniformBufferFactory.cpp">
      <Filter>Source Files</Filter>
    </ClCompile>
    <ClCompile Include="common\sogl\rendering\factories\src\LightFactory.cpp">
      <Filter>Source Files</Filter>
    </ClCompile>
    <ClCompile Include="common\sogl\rendering\factories\src\MaterialFactory.cpp">
      <Filter>Source Files</Filter>
    </ClCompile>
    <ClCompile Include="common\sogl\rendering\factories\src\TextureFactory.cpp">
      <Filter>Source Files</Filter>
    </ClCompile>
    <ClCompile Include="common\sogl\debug\src\debug.cpp">
      <Filter>Source Files</Filter>
    </ClCompile>
    <ClCompile Include="common\sogl\rendering\gl\src\GLMappedBuffer.cpp">
      <Filter>Source Files</Filter>
    </ClCompile>
    <ClCompile Include="common\sogl\noise\src\fastNoise.cpp">
      <Filter>Source Files</Filter>
    </ClCompile>
    <ClCompile Include="common\sogl\rendering\gl\src\GLBuffer.cpp">
      <Filter>Source Files</Filter>
    </ClCompile>
    <ClCompile Include="common\sogl\rendering\gl\src\GLUniform.cpp">
      <Filter>Source Files</Filter>
    </ClCompile>
    <ClCompile Include="common\sogl\rendering\gl\mesh\src\Mesh.cpp">
      <Filter>Source Files</Filter>
    </ClCompile>
    <ClCompile Include="common\sogl\rendering\gl\mesh\src\InstancedMesh.cpp">
      <Filter>Source Files</Filter>
    </ClCompile>
    <ClCompile Include="common\sogl\rendering\gl\mesh\MeshUtils.h">
      <Filter>Source Files</Filter>
    </ClCompile>
    <ClCompile Include="common\sogl\rendering\gl\src\Model.cpp">
      <Filter>Source Files</Filter>
    </ClCompile>
    <ClCompile Include="common\sogl\structure\Hasher.h">
      <Filter>Source Files</Filter>
    </ClCompile>
    <ClCompile Include="common\sogl\world\data\src\chunk.cpp">
      <Filter>Source Files</Filter>
    </ClCompile>
    <ClCompile Include="common\sogl\world\data\src\chunkMesh.cpp">
      <Filter>Source Files</Filter>
    </ClCompile>
    <ClCompile Include="common\sogl\structure\src\Hasher.cpp">
      <Filter>Source Files</Filter>
    </ClCompile>
  </ItemGroup>
  <ItemGroup>
    <ClInclude Include="common\sogl\rendering\camera.hpp">
      <Filter>Header Files</Filter>
    </ClInclude>
    <ClInclude Include="common\sogl\rendering\color.hpp">
      <Filter>Header Files</Filter>
    </ClInclude>
    <ClInclude Include="common\sogl\rendering\color32.hpp">
      <Filter>Header Files</Filter>
    </ClInclude>
    <ClInclude Include="common\sogl\rendering\gl\mesh\Mesh.h">
      <Filter>Header Files</Filter>
    </ClInclude>
    <ClInclude Include="common\sogl\rendering\renderable.hpp">
      <Filter>Header Files</Filter>
    </ClInclude>
    <ClInclude Include="common\sogl\rendering\gl\VertexArray.h">
      <Filter>Header Files</Filter>
    </ClInclude>
    <ClInclude Include="common\sogl\transform\matrix3f.hpp">
      <Filter>Header Files</Filter>
    </ClInclude>
    <ClInclude Include="common\sogl\transform\matrix4f.hpp">
      <Filter>Header Files</Filter>
    </ClInclude>
    <ClInclude Include="common\sogl\transform\quat.hpp">
      <Filter>Header Files</Filter>
    </ClInclude>
    <ClInclude Include="common\sogl\transform\transform.hpp">
      <Filter>Header Files</Filter>
    </ClInclude>
    <ClInclude Include="common\sogl\transform\vec3f.hpp">
      <Filter>Header Files</Filter>
    </ClInclude>
    <ClInclude Include="common\sogl\transform\vec4f.hpp">
      <Filter>Header Files</Filter>
    </ClInclude>
    <ClInclude Include="common\GLEW\glew.h">
      <Filter>Header Files</Filter>
    </ClInclude>
    <ClInclude Include="common\GLEW\glxew.h">
      <Filter>Header Files</Filter>
    </ClInclude>
    <ClInclude Include="common\GLEW\wglew.h">
      <Filter>Header Files</Filter>
    </ClInclude>
    <ClInclude Include="common\GLFW\glfw3.h">
      <Filter>Header Files</Filter>
    </ClInclude>
    <ClInclude Include="common\GLFW\glfw3native.h">
      <Filter>Header Files</Filter>
    </ClInclude>
    <ClInclude Include="common\sogl\rendering\gl\ShaderProgram.h">
      <Filter>Header Files</Filter>
    </ClInclude>
    <ClInclude Include="ext\GLEW\glew.h">
      <Filter>Header Files</Filter>
    </ClInclude>
    <ClInclude Include="ext\GLEW\glxew.h">
      <Filter>Header Files</Filter>
    </ClInclude>
    <ClInclude Include="ext\GLEW\wglew.h">
      <Filter>Header Files</Filter>
    </ClInclude>
    <ClInclude Include="ext\GLFW\glfw3.h">
      <Filter>Header Files</Filter>
    </ClInclude>
    <ClInclude Include="ext\GLFW\glfw3native.h">
      <Filter>Header Files</Filter>
    </ClInclude>
    <ClInclude Include="common\sogl\rendering\Texture.h">
      <Filter>Header Files</Filter>
    </ClInclude>
    <ClInclude Include="common\sogl\rendering\glUtilities.h">
      <Filter>Header Files</Filter>
    </ClInclude>
    <ClInclude Include="common\stbi\stb_image.h">
      <Filter>Header Files</Filter>
    </ClInclude>
    <ClInclude Include="common\sogl\rendering\light.hpp">
      <Filter>Header Files</Filter>
    </ClInclude>
    <ClInclude Include="common\sogl\rendering\Material.h">
      <Filter>Header Files</Filter>
    </ClInclude>
    <ClInclude Include="common\sogl\rendering\gl\UniformBuffer.h">
      <Filter>Header Files</Filter>
    </ClInclude>
    <ClInclude Include="common\sogl\rendering\factories\ShaderFactory.h">
      <Filter>Header Files</Filter>
    </ClInclude>
    <ClInclude Include="common\sogl\rendering\factories\uniformBufferFactory.hpp">
      <Filter>Header Files</Filter>
    </ClInclude>
    <ClInclude Include="common\sogl\rendering\factories\lightFactory.hpp">
      <Filter>Header Files</Filter>
    </ClInclude>
    <ClInclude Include="common\sogl\rendering\factories\MaterialFactory.h">
      <Filter>Header Files</Filter>
    </ClInclude>
    <ClInclude Include="common\sogl\rendering\factories\TextureFactory.h">
      <Filter>Header Files</Filter>
    </ClInclude>
    <ClInclude Include="..\Schoolwork\GAME2001\GAME2001_A2_MitchellJames\linkedList.h">
      <Filter>Header Files</Filter>
    </ClInclude>
    <ClInclude Include="common\sogl\transform\vec3i.hpp">
      <Filter>Header Files</Filter>
    </ClInclude>
    <ClInclude Include="common\sogl\debug\debug.h">
      <Filter>Header Files</Filter>
    </ClInclude>
    <ClInclude Include="common\sogl\rendering\gl\GLMappedBuffer.h">
      <Filter>Header Files</Filter>
    </ClInclude>
    <ClInclude Include="common\sogl\structure\hashTable.hpp">
      <Filter>Header Files</Filter>
    </ClInclude>
    <ClInclude Include="common\sogl\structure\linkedList.h">
      <Filter>Header Files</Filter>
    </ClInclude>
    <ClInclude Include="common\sogl\structure\octree.h">
      <Filter>Header Files</Filter>
    </ClInclude>
    <ClInclude Include="common\sogl\structure\priorityQueue.h">
      <Filter>Header Files</Filter>
    </ClInclude>
    <ClInclude Include="common\sogl\structure\queue.h">
      <Filter>Header Files</Filter>
    </ClInclude>
    <ClInclude Include="common\sogl\mathutil.hpp">
      <Filter>Header Files</Filter>
    </ClInclude>
    <ClInclude Include="common\sogl\structure\runLengthEncoding.h">
      <Filter>Header Files</Filter>
    </ClInclude>
    <ClInclude Include="common\sogl\noise\fastNoise.h">
      <Filter>Header Files</Filter>
    </ClInclude>
    <ClInclude Include="common\sogl\structure\bitSet.h">
      <Filter>Header Files</Filter>
    </ClInclude>
    <ClInclude Include="common\sogl\rendering\gl\GLBuffer.h">
      <Filter>Header Files</Filter>
    </ClInclude>
    <ClInclude Include="common\sogl\rendering\factories\MeshFactory.h">
      <Filter>Header Files</Filter>
    </ClInclude>
    <ClInclude Include="common\sogl\rendering\gl\GLUniform.h">
      <Filter>Header Files</Filter>
    </ClInclude>
    <ClInclude Include="common\sogl\bitmanip.hpp">
      <Filter>Header Files</Filter>
    </ClInclude>
    <ClInclude Include="common\sogl\rendering\gl\mesh\InstancedMesh.h">
      <Filter>Header Files</Filter>
    </ClInclude>
    <ClInclude Include="common\sogl\structure\Dictionary.h">
      <Filter>Header Files</Filter>
    </ClInclude>
    <ClInclude Include="common\sogl\structure\Array.h">
      <Filter>Header Files</Filter>
    </ClInclude>
    <ClInclude Include="common\sogl\rendering\factories\FactoryUtils.h">
      <Filter>Header Files</Filter>
    </ClInclude>
    <ClInclude Include="common\sogl\structure\pair.h">
      <Filter>Header Files</Filter>
    </ClInclude>
    <ClInclude Include="common\sogl\rendering\gl\Model.h">
      <Filter>Header Files</Filter>
    </ClInclude>
    <ClInclude Include="common\sogl\rendering\factories\ModelFactory.h">
      <Filter>Header Files</Filter>
    </ClInclude>
    <ClInclude Include="common\sogl\world\data\chunk.h">
      <Filter>Header Files</Filter>
    </ClInclude>
    <ClInclude Include="common\sogl\world\data\chunkMesh.h">
      <Filter>Header Files</Filter>
    </ClInclude>
    <ClInclude Include="common\sogl\world\data\FaceDirection.hpp">
      <Filter>Header Files</Filter>
    </ClInclude>
  </ItemGroup>
  <ItemGroup>
    <Library Include="ext\GLEW\glew32.lib" />
    <Library Include="ext\GLEW\glew32s.lib" />
    <Library Include="ext\GLFW\glfw3.lib" />
    <Library Include="ext\GLFW\glfw3dll.lib" />
  </ItemGroup>
  <ItemGroup>
    <None Include="ext\GLFW\glfw3.dll" />
  </ItemGroup>
</Project>