<?xml version="1.0" encoding="utf-8"?>
<Project ToolsVersion="4.0" xmlns="http://schemas.microsoft.com/developer/msbuild/2003">
  <ItemGroup>
    <Filter Include="Source Files">
      <UniqueIdentifier>{4FC737F1-C7A5-4376-A066-2A32D752A2FF}</UniqueIdentifier>
      <Extensions>cpp;c;cc;cxx;c++;cppm;ixx;def;odl;idl;hpj;bat;asm;asmx</Extensions>
    </Filter>
    <Filter Include="Header Files">
      <UniqueIdentifier>{93995380-89BD-4b04-88EB-625FBE52EBFB}</UniqueIdentifier>
      <Extensions>h;hh;hpp;hxx;h++;hm;inl;inc;ipp;xsd</Extensions>
    </Filter>
    <Filter Include="Resource Files">
      <UniqueIdentifier>{67DA6AB6-F800-4c08-8B7A-83BB121AAD01}</UniqueIdentifier>
      <Extensions>rc;ico;cur;bmp;dlg;rc2;rct;bin;rgs;gif;jpg;jpeg;jpe;resx;tiff;tif;png;wav;mfcribbon-ms</Extensions>
    </Filter>
    <Filter Include="Source Files\Vector">
      <UniqueIdentifier>{937cdc60-d59b-4162-829f-749458ba181f}</UniqueIdentifier>
    </Filter>
    <Filter Include="Source Files\Matrix">
      <UniqueIdentifier>{ed6ffb79-990b-46a1-b635-6e67a04929f1}</UniqueIdentifier>
    </Filter>
    <Filter Include="Header Files\Vector">
      <UniqueIdentifier>{972d2759-6fe3-4425-9d2e-2230b876f845}</UniqueIdentifier>
    </Filter>
    <Filter Include="Header Files\Matrix">
      <UniqueIdentifier>{5a7244fd-a778-42c6-968d-dd160fb40f99}</UniqueIdentifier>
    </Filter>
    <Filter Include="Source Files\Color">
      <UniqueIdentifier>{a898d6b1-252b-4915-b1c8-f8d62c21c0d5}</UniqueIdentifier>
    </Filter>
    <Filter Include="Header Files\Color">
      <UniqueIdentifier>{072a0ecf-7188-47dc-9597-8ab87c489d19}</UniqueIdentifier>
    </Filter>
    <Filter Include="Header Files\Common">
      <UniqueIdentifier>{c38b8e72-49e6-4183-9c52-9a431562df1a}</UniqueIdentifier>
    </Filter>
    <Filter Include="Header Files\World">
      <UniqueIdentifier>{4d055f56-c78b-4f87-bf3a-bbb26905d45c}</UniqueIdentifier>
    </Filter>
    <Filter Include="Source Files\World">
      <UniqueIdentifier>{b184789a-45ce-47e6-85b6-9afcab921b81}</UniqueIdentifier>
    </Filter>
  </ItemGroup>
  <ItemGroup>
    <ClInclude Include="rendering\camera.hpp">
      <Filter>Header Files</Filter>
    </ClInclude>
    <ClInclude Include="include\freeglut\freeglut.h">
      <Filter>Header Files</Filter>
    </ClInclude>
    <ClInclude Include="include\freeglut\freeglut_ext.h">
      <Filter>Header Files</Filter>
    </ClInclude>
    <ClInclude Include="include\freeglut\freeglut_std.h">
      <Filter>Header Files</Filter>
    </ClInclude>
    <ClInclude Include="include\freeglut\glut.h">
      <Filter>Header Files</Filter>
    </ClInclude>
    <ClInclude Include="include\glew\glew.h">
      <Filter>Header Files</Filter>
    </ClInclude>
    <ClInclude Include="include\glew\glxew.h">
      <Filter>Header Files</Filter>
    </ClInclude>
    <ClInclude Include="include\glew\wglew.h">
      <Filter>Header Files</Filter>
    </ClInclude>
    <ClInclude Include="include\glfw\glfw3.h">
      <Filter>Header Files</Filter>
    </ClInclude>
    <ClInclude Include="include\glfw\glfw3native.h">
      <Filter>Header Files</Filter>
    </ClInclude>
    <ClInclude Include="rendering\glfwApp.hpp">
      <Filter>Header Files</Filter>
    </ClInclude>
    <ClInclude Include="rendering\cameraData.hpp">
      <Filter>Header Files</Filter>
    </ClInclude>
    <ClInclude Include="rendering\renderable.hpp">
      <Filter>Header Files</Filter>
    </ClInclude>
    <ClInclude Include="rendering\mesh\vertexArrayObject.hpp">
      <Filter>Header Files</Filter>
    </ClInclude>
    <ClInclude Include="rendering\mesh\vertexBufferObject.hpp">
      <Filter>Header Files</Filter>
    </ClInclude>
    <ClInclude Include="rendering\mesh\mesh.hpp">
      <Filter>Header Files</Filter>
    </ClInclude>
  </ItemGroup>
  <ItemGroup>
    <ClCompile Include="src\main.cpp">
      <Filter>Source Files</Filter>
    </ClCompile>
    <ClCompile Include="src\rendering\camera.cpp">
      <Filter>Source Files</Filter>
    </ClCompile>
    <ClCompile Include="src\statics.cpp">
      <Filter>Source Files</Filter>
    </ClCompile>
    <ClCompile Include="src\glfwApp.cpp">
      <Filter>Source Files</Filter>
    </ClCompile>
    <ClCompile Include="rendering\mesh\vertexAttribute.hpp">
      <Filter>Source Files</Filter>
    </ClCompile>
    <ClCompile Include="src\rendering\mesh\vertexAttribute.cpp">
      <Filter>Source Files</Filter>
    </ClCompile>
    <ClCompile Include="src\rendering\mesh\vertexBufferObject.cpp">
      <Filter>Source Files</Filter>
    </ClCompile>
    <ClCompile Include="src\rendering\mesh\vertexArrayObject.cpp">
      <Filter>Source Files</Filter>
    </ClCompile>
    <ClCompile Include="src\rendering\mesh\mesh.cpp">
      <Filter>Source Files</Filter>
    </ClCompile>
  </ItemGroup>
  <ItemGroup>
    <None Include="transform\vec4f.hpp">
      <Filter>Header Files</Filter>
    </None>
    <None Include="rendering\color.hpp">
      <Filter>Header Files</Filter>
    </None>
    <None Include="rendering\color32.hpp">
      <Filter>Header Files</Filter>
    </None>
    <None Include="transform\mathutil.hpp">
      <Filter>Header Files</Filter>
    </None>
    <None Include="transform\matrix3f.hpp">
      <Filter>Header Files</Filter>
    </None>
    <None Include="transform\matrix4f.hpp">
      <Filter>Header Files</Filter>
    </None>
    <None Include="transform\quat.hpp">
      <Filter>Header Files</Filter>
    </None>
    <None Include="transform\transform.hpp">
      <Filter>Header Files</Filter>
    </None>
    <None Include="transform\vec3f.hpp">
      <Filter>Header Files</Filter>
    </None>
    <None Include="lib\GLFW\glfw3.dll" />
  </ItemGroup>
  <ItemGroup>
    <Library Include="lib\GLFW\glfw3dll.lib" />
    <Library Include="lib\GLFW\glfw3.lib" />
    <Library Include="lib\GLEW\glew32s.lib" />
    <Library Include="lib\GLEW\glew32.lib" />
    <Library Include="lib\freeglut\freeglut.lib" />
  </ItemGroup>
</Project>